
Microsoft Visual Studio Solution File, Format Version 12.00
# Visual Studio Version 17
VisualStudioVersion = 17.7.34003.232
MinimumVisualStudioVersion = 10.0.40219.1
Project("{FAE04EC0-301F-11D3-BF4B-00C04F79EFBC}") = "Contacts.WebAPI", "Contacts.WebAPI.csproj", "{D7806D1E-ABF0-4CAB-9555-3EE276F2D0B0}"
EndProject
Global
	GlobalSection(SolutionConfigurationPlatforms) = preSolution
		Debug|Any CPU = Debug|Any CPU
		Release|Any CPU = Release|Any CPU
	EndGlobalSection
	GlobalSection(ProjectConfigurationPlatforms) = postSolution
		{D7806D1E-ABF0-4CAB-9555-3EE276F2D0B0}.Debug|Any CPU.ActiveCfg = Debug|Any CPU
		{D7806D1E-ABF0-4CAB-9555-3EE276F2D0B0}.Debug|Any CPU.Build.0 = Debug|Any CPU
		{D7806D1E-ABF0-4CAB-9555-3EE276F2D0B0}.Release|Any CPU.ActiveCfg = Release|Any CPU
		{D7806D1E-ABF0-4CAB-9555-3EE276F2D0B0}.Release|Any CPU.Build.0 = Release|Any CPU
	EndGlobalSection
	GlobalSection(SolutionProperties) = preSolution
		HideSolutionNode = FALSE
	EndGlobalSection
	GlobalSection(ExtensibilityGlobals) = postSolution
		SolutionGuid = {FB66A400-B308-4FBC-B22C-F5316E88F578}
	EndGlobalSection
EndGlobal
